<Solution>
  <Folder Name="/Solution Items/" />
  <Folder Name="/Solution Items/docu/">
    <File Path="docu/CAN.md" />
    <File Path="docu/DEPLOYMENT.md" />
  </Folder>
  <Project Path="src/RoconMqtt/RoconMqtt.csproj" />
  <Project Path="tests/RoconMqtt.Tests/RoconMqtt.Tests.csproj" />
</Solution>
